
Microsoft Visual Studio Solution File, Format Version 12.00
# Visual Studio 2013
VisualStudioVersion = 12.0.31101.0
MinimumVisualStudioVersion = 10.0.40219.1
Project("{2150E333-8FDC-42A3-9474-1A3956D46DE8}") = "ParallelProrramming", "ParallelProrramming", "{C0E3C400-CF02-449B-8911-3278CF3D4DD1}"
EndProject
Project("{2150E333-8FDC-42A3-9474-1A3956D46DE8}") = "Event", "Event", "{46A5E1A3-F52B-4212-8A35-4B7EE33674B6}"
EndProject
Project("{2150E333-8FDC-42A3-9474-1A3956D46DE8}") = "SpedTests", "SpedTests", "{21BDF69C-4C21-470A-8CAD-B6CD4B28FD80}"
EndProject
Project("{2150E333-8FDC-42A3-9474-1A3956D46DE8}") = "Richter", "Richter", "{86396459-FBF4-4DAC-B646-8188A6E3392D}"
EndProject
Project("{2150E333-8FDC-42A3-9474-1A3956D46DE8}") = "ControlPoints", "ControlPoints", "{B41DBB5A-A65F-48B1-B60E-F59C2E3D970D}"
EndProject
Project("{FAE04EC0-301F-11D3-BF4B-00C04F79EFBC}") = "LanProject", "ControlPoints\LanProject\LanProject.csproj", "{0D95F3DE-29FB-45A8-9B41-0CB2639B0C89}"
EndProject
Project("{FAE04EC0-301F-11D3-BF4B-00C04F79EFBC}") = "MindBox", "ControlPoints\MindBox\MindBox.csproj", "{EACC40BB-56C7-418D-819B-9629A3552AFD}"
EndProject
Project("{FAE04EC0-301F-11D3-BF4B-00C04F79EFBC}") = "MirKvartir", "ControlPoints\MirKvartir\MirKvartir.csproj", "{F76F3F9C-A3E5-418C-A044-5F48864C17EE}"
EndProject
Project("{FAE04EC0-301F-11D3-BF4B-00C04F79EFBC}") = "CustomEventDictionary", "Event\CustomEventDictionary\CustomEventDictionary.csproj", "{F285B5C5-9A40-4CB7-9B62-9488AC490AA5}"
EndProject
Project("{FAE04EC0-301F-11D3-BF4B-00C04F79EFBC}") = "CustomEventTest", "Event\CustomEventTest\CustomEventTest.csproj", "{729885F4-7A33-4F7C-B161-5EDF0B479175}"
EndProject
Project("{FAE04EC0-301F-11D3-BF4B-00C04F79EFBC}") = "EventDelegateTest", "Event\EventDelegateTest\EventDelegateTest.csproj", "{3238ECDF-D391-43AE-B3E9-CF73FA45ADD4}"
EndProject
Project("{FAE04EC0-301F-11D3-BF4B-00C04F79EFBC}") = "EventDictionary", "Event\EventDictionary\EventDictionary.csproj", "{B040FFFE-106E-41FC-9943-F88C19D65317}"
EndProject
Project("{FAE04EC0-301F-11D3-BF4B-00C04F79EFBC}") = "EventSetProgramm", "Event\EventSet\EventSetProgramm.csproj", "{910979A8-4511-4669-8650-407290453327}"
EndProject
Project("{FAE04EC0-301F-11D3-BF4B-00C04F79EFBC}") = "ParallelProgramming_01", "ParallelProgramming\ParallelProgramming_01\ParallelProgramming_01.csproj", "{2247A833-1ACB-42DF-A224-B63E8E7C036A}"
EndProject
Project("{FAE04EC0-301F-11D3-BF4B-00C04F79EFBC}") = "ParallelProgramming_02", "ParallelProgramming\ParallelProgramming_02\ParallelProgramming_02.csproj", "{DE2BD1F3-E6FE-487A-A6FA-979AB0E49ED5}"
EndProject
Project("{FAE04EC0-301F-11D3-BF4B-00C04F79EFBC}") = "ParallelProgramming_02_lab", "ParallelProgramming\ParallelProgramming_02_lab\ParallelProgramming_02_lab.csproj", "{9BD5814F-313C-467E-8C6C-7B4CF4483622}"
EndProject
Project("{FAE04EC0-301F-11D3-BF4B-00C04F79EFBC}") = "ParallelProgramming_03", "ParallelProgramming\ParallelProgramming_03\ParallelProgramming_03.csproj", "{D0D55285-6A91-480C-9CC8-5D9B8DD5E6E4}"
EndProject
Project("{FAE04EC0-301F-11D3-BF4B-00C04F79EFBC}") = "ParallelProgramming_04", "ParallelProgramming\ParallelProgramming_04\ParallelProgramming_04.csproj", "{8C9BFF57-F3DB-4BAE-A12B-C469AD83951E}"
EndProject
Project("{FAE04EC0-301F-11D3-BF4B-00C04F79EFBC}") = "ParallelProgramming_05", "ParallelProgramming\ParallelProgramming_05\ParallelProgramming_05.csproj", "{FBC9E157-6987-40EA-A932-96A14EEE6420}"
EndProject
Project("{FAE04EC0-301F-11D3-BF4B-00C04F79EFBC}") = "ParallelProgramming_06", "ParallelProgramming\ParallelProgramming_06\ParallelProgramming_06.csproj", "{8D472AC3-A1DB-4CF3-902A-6AC83684C4BE}"
EndProject
Project("{FAE04EC0-301F-11D3-BF4B-00C04F79EFBC}") = "ParallelProgramming_07", "ParallelProgramming\ParallelProgramming_07\ParallelProgramming_07.csproj", "{2C585CDC-6E8F-456D-ACD2-0641A1A71806}"
EndProject
Project("{FAE04EC0-301F-11D3-BF4B-00C04F79EFBC}") = "MetodExpansion", "Richter\MetodExpansion\MetodExpansion.csproj", "{DED53A2B-7B76-465C-A90C-B90E99021B5C}"
EndProject
Project("{FAE04EC0-301F-11D3-BF4B-00C04F79EFBC}") = "RefOutSolution", "Richter\RefOutSolution\RefOutSolution.csproj", "{A2A229EB-E900-4814-A6B0-26CEDB49D1DE}"
EndProject
Project("{FAE04EC0-301F-11D3-BF4B-00C04F79EFBC}") = "SemaphoreTest", "Richter\SemaphoreTest\SemaphoreTest.csproj", "{E0B01F6B-678B-4CCE-8692-40308650C4A0}"
EndProject
Project("{FAE04EC0-301F-11D3-BF4B-00C04F79EFBC}") = "ArrayListSpeedTest", "SpeedTests\ArrayListSpeedTest\ArrayListSpeedTest.csproj", "{837192B9-8C42-4D62-879E-8576703DD9E1}"
EndProject
Project("{FAE04EC0-301F-11D3-BF4B-00C04F79EFBC}") = "SpeedTest", "SpeedTests\SpeedTest\SpeedTest.csproj", "{81D9631D-8EAF-46AE-B702-F3D65429174E}"
EndProject
Global
	GlobalSection(SolutionConfigurationPlatforms) = preSolution
		Debug|Any CPU = Debug|Any CPU
		Release|Any CPU = Release|Any CPU
	EndGlobalSection
	GlobalSection(ProjectConfigurationPlatforms) = postSolution
		{0D95F3DE-29FB-45A8-9B41-0CB2639B0C89}.Debug|Any CPU.ActiveCfg = Debug|Any CPU
		{0D95F3DE-29FB-45A8-9B41-0CB2639B0C89}.Debug|Any CPU.Build.0 = Debug|Any CPU
		{0D95F3DE-29FB-45A8-9B41-0CB2639B0C89}.Release|Any CPU.ActiveCfg = Release|Any CPU
		{0D95F3DE-29FB-45A8-9B41-0CB2639B0C89}.Release|Any CPU.Build.0 = Release|Any CPU
		{EACC40BB-56C7-418D-819B-9629A3552AFD}.Debug|Any CPU.ActiveCfg = Debug|Any CPU
		{EACC40BB-56C7-418D-819B-9629A3552AFD}.Debug|Any CPU.Build.0 = Debug|Any CPU
		{EACC40BB-56C7-418D-819B-9629A3552AFD}.Release|Any CPU.ActiveCfg = Release|Any CPU
		{EACC40BB-56C7-418D-819B-9629A3552AFD}.Release|Any CPU.Build.0 = Release|Any CPU
		{F76F3F9C-A3E5-418C-A044-5F48864C17EE}.Debug|Any CPU.ActiveCfg = Debug|Any CPU
		{F76F3F9C-A3E5-418C-A044-5F48864C17EE}.Debug|Any CPU.Build.0 = Debug|Any CPU
		{F76F3F9C-A3E5-418C-A044-5F48864C17EE}.Release|Any CPU.ActiveCfg = Release|Any CPU
		{F76F3F9C-A3E5-418C-A044-5F48864C17EE}.Release|Any CPU.Build.0 = Release|Any CPU
		{F285B5C5-9A40-4CB7-9B62-9488AC490AA5}.Debug|Any CPU.ActiveCfg = Debug|Any CPU
		{F285B5C5-9A40-4CB7-9B62-9488AC490AA5}.Debug|Any CPU.Build.0 = Debug|Any CPU
		{F285B5C5-9A40-4CB7-9B62-9488AC490AA5}.Release|Any CPU.ActiveCfg = Release|Any CPU
		{F285B5C5-9A40-4CB7-9B62-9488AC490AA5}.Release|Any CPU.Build.0 = Release|Any CPU
		{729885F4-7A33-4F7C-B161-5EDF0B479175}.Debug|Any CPU.ActiveCfg = Debug|Any CPU
		{729885F4-7A33-4F7C-B161-5EDF0B479175}.Debug|Any CPU.Build.0 = Debug|Any CPU
		{729885F4-7A33-4F7C-B161-5EDF0B479175}.Release|Any CPU.ActiveCfg = Release|Any CPU
		{729885F4-7A33-4F7C-B161-5EDF0B479175}.Release|Any CPU.Build.0 = Release|Any CPU
		{3238ECDF-D391-43AE-B3E9-CF73FA45ADD4}.Debug|Any CPU.ActiveCfg = Debug|Any CPU
		{3238ECDF-D391-43AE-B3E9-CF73FA45ADD4}.Debug|Any CPU.Build.0 = Debug|Any CPU
		{3238ECDF-D391-43AE-B3E9-CF73FA45ADD4}.Release|Any CPU.ActiveCfg = Release|Any CPU
		{3238ECDF-D391-43AE-B3E9-CF73FA45ADD4}.Release|Any CPU.Build.0 = Release|Any CPU
		{B040FFFE-106E-41FC-9943-F88C19D65317}.Debug|Any CPU.ActiveCfg = Debug|Any CPU
		{B040FFFE-106E-41FC-9943-F88C19D65317}.Debug|Any CPU.Build.0 = Debug|Any CPU
		{B040FFFE-106E-41FC-9943-F88C19D65317}.Release|Any CPU.ActiveCfg = Release|Any CPU
		{B040FFFE-106E-41FC-9943-F88C19D65317}.Release|Any CPU.Build.0 = Release|Any CPU
		{910979A8-4511-4669-8650-407290453327}.Debug|Any CPU.ActiveCfg = Debug|Any CPU
		{910979A8-4511-4669-8650-407290453327}.Debug|Any CPU.Build.0 = Debug|Any CPU
		{910979A8-4511-4669-8650-407290453327}.Release|Any CPU.ActiveCfg = Release|Any CPU
		{910979A8-4511-4669-8650-407290453327}.Release|Any CPU.Build.0 = Release|Any CPU
		{2247A833-1ACB-42DF-A224-B63E8E7C036A}.Debug|Any CPU.ActiveCfg = Debug|Any CPU
		{2247A833-1ACB-42DF-A224-B63E8E7C036A}.Debug|Any CPU.Build.0 = Debug|Any CPU
		{2247A833-1ACB-42DF-A224-B63E8E7C036A}.Release|Any CPU.ActiveCfg = Release|Any CPU
		{2247A833-1ACB-42DF-A224-B63E8E7C036A}.Release|Any CPU.Build.0 = Release|Any CPU
		{DE2BD1F3-E6FE-487A-A6FA-979AB0E49ED5}.Debug|Any CPU.ActiveCfg = Debug|Any CPU
		{DE2BD1F3-E6FE-487A-A6FA-979AB0E49ED5}.Debug|Any CPU.Build.0 = Debug|Any CPU
		{DE2BD1F3-E6FE-487A-A6FA-979AB0E49ED5}.Release|Any CPU.ActiveCfg = Release|Any CPU
		{DE2BD1F3-E6FE-487A-A6FA-979AB0E49ED5}.Release|Any CPU.Build.0 = Release|Any CPU
		{9BD5814F-313C-467E-8C6C-7B4CF4483622}.Debug|Any CPU.ActiveCfg = Debug|Any CPU
		{9BD5814F-313C-467E-8C6C-7B4CF4483622}.Debug|Any CPU.Build.0 = Debug|Any CPU
		{9BD5814F-313C-467E-8C6C-7B4CF4483622}.Release|Any CPU.ActiveCfg = Release|Any CPU
		{9BD5814F-313C-467E-8C6C-7B4CF4483622}.Release|Any CPU.Build.0 = Release|Any CPU
		{D0D55285-6A91-480C-9CC8-5D9B8DD5E6E4}.Debug|Any CPU.ActiveCfg = Debug|Any CPU
		{D0D55285-6A91-480C-9CC8-5D9B8DD5E6E4}.Debug|Any CPU.Build.0 = Debug|Any CPU
		{D0D55285-6A91-480C-9CC8-5D9B8DD5E6E4}.Release|Any CPU.ActiveCfg = Release|Any CPU
		{D0D55285-6A91-480C-9CC8-5D9B8DD5E6E4}.Release|Any CPU.Build.0 = Release|Any CPU
		{8C9BFF57-F3DB-4BAE-A12B-C469AD83951E}.Debug|Any CPU.ActiveCfg = Debug|Any CPU
		{8C9BFF57-F3DB-4BAE-A12B-C469AD83951E}.Debug|Any CPU.Build.0 = Debug|Any CPU
		{8C9BFF57-F3DB-4BAE-A12B-C469AD83951E}.Release|Any CPU.ActiveCfg = Release|Any CPU
		{8C9BFF57-F3DB-4BAE-A12B-C469AD83951E}.Release|Any CPU.Build.0 = Release|Any CPU
		{FBC9E157-6987-40EA-A932-96A14EEE6420}.Debug|Any CPU.ActiveCfg = Debug|Any CPU
		{FBC9E157-6987-40EA-A932-96A14EEE6420}.Debug|Any CPU.Build.0 = Debug|Any CPU
		{FBC9E157-6987-40EA-A932-96A14EEE6420}.Release|Any CPU.ActiveCfg = Release|Any CPU
		{FBC9E157-6987-40EA-A932-96A14EEE6420}.Release|Any CPU.Build.0 = Release|Any CPU
		{8D472AC3-A1DB-4CF3-902A-6AC83684C4BE}.Debug|Any CPU.ActiveCfg = Debug|Any CPU
		{8D472AC3-A1DB-4CF3-902A-6AC83684C4BE}.Debug|Any CPU.Build.0 = Debug|Any CPU
		{8D472AC3-A1DB-4CF3-902A-6AC83684C4BE}.Release|Any CPU.ActiveCfg = Release|Any CPU
		{8D472AC3-A1DB-4CF3-902A-6AC83684C4BE}.Release|Any CPU.Build.0 = Release|Any CPU
		{2C585CDC-6E8F-456D-ACD2-0641A1A71806}.Debug|Any CPU.ActiveCfg = Debug|Any CPU
		{2C585CDC-6E8F-456D-ACD2-0641A1A71806}.Debug|Any CPU.Build.0 = Debug|Any CPU
		{2C585CDC-6E8F-456D-ACD2-0641A1A71806}.Release|Any CPU.ActiveCfg = Release|Any CPU
		{2C585CDC-6E8F-456D-ACD2-0641A1A71806}.Release|Any CPU.Build.0 = Release|Any CPU
		{DED53A2B-7B76-465C-A90C-B90E99021B5C}.Debug|Any CPU.ActiveCfg = Debug|Any CPU
		{DED53A2B-7B76-465C-A90C-B90E99021B5C}.Debug|Any CPU.Build.0 = Debug|Any CPU
		{DED53A2B-7B76-465C-A90C-B90E99021B5C}.Release|Any CPU.ActiveCfg = Release|Any CPU
		{DED53A2B-7B76-465C-A90C-B90E99021B5C}.Release|Any CPU.Build.0 = Release|Any CPU
		{A2A229EB-E900-4814-A6B0-26CEDB49D1DE}.Debug|Any CPU.ActiveCfg = Debug|Any CPU
		{A2A229EB-E900-4814-A6B0-26CEDB49D1DE}.Debug|Any CPU.Build.0 = Debug|Any CPU
		{A2A229EB-E900-4814-A6B0-26CEDB49D1DE}.Release|Any CPU.ActiveCfg = Release|Any CPU
		{A2A229EB-E900-4814-A6B0-26CEDB49D1DE}.Release|Any CPU.Build.0 = Release|Any CPU
		{E0B01F6B-678B-4CCE-8692-40308650C4A0}.Debug|Any CPU.ActiveCfg = Debug|Any CPU
		{E0B01F6B-678B-4CCE-8692-40308650C4A0}.Debug|Any CPU.Build.0 = Debug|Any CPU
		{E0B01F6B-678B-4CCE-8692-40308650C4A0}.Release|Any CPU.ActiveCfg = Release|Any CPU
		{E0B01F6B-678B-4CCE-8692-40308650C4A0}.Release|Any CPU.Build.0 = Release|Any CPU
		{837192B9-8C42-4D62-879E-8576703DD9E1}.Debug|Any CPU.ActiveCfg = Debug|Any CPU
		{837192B9-8C42-4D62-879E-8576703DD9E1}.Debug|Any CPU.Build.0 = Debug|Any CPU
		{837192B9-8C42-4D62-879E-8576703DD9E1}.Release|Any CPU.ActiveCfg = Release|Any CPU
		{837192B9-8C42-4D62-879E-8576703DD9E1}.Release|Any CPU.Build.0 = Release|Any CPU
		{81D9631D-8EAF-46AE-B702-F3D65429174E}.Debug|Any CPU.ActiveCfg = Debug|Any CPU
		{81D9631D-8EAF-46AE-B702-F3D65429174E}.Debug|Any CPU.Build.0 = Debug|Any CPU
		{81D9631D-8EAF-46AE-B702-F3D65429174E}.Release|Any CPU.ActiveCfg = Release|Any CPU
		{81D9631D-8EAF-46AE-B702-F3D65429174E}.Release|Any CPU.Build.0 = Release|Any CPU
	EndGlobalSection
	GlobalSection(SolutionProperties) = preSolution
		HideSolutionNode = FALSE
	EndGlobalSection
	GlobalSection(NestedProjects) = preSolution
		{0D95F3DE-29FB-45A8-9B41-0CB2639B0C89} = {B41DBB5A-A65F-48B1-B60E-F59C2E3D970D}
		{EACC40BB-56C7-418D-819B-9629A3552AFD} = {B41DBB5A-A65F-48B1-B60E-F59C2E3D970D}
		{F76F3F9C-A3E5-418C-A044-5F48864C17EE} = {B41DBB5A-A65F-48B1-B60E-F59C2E3D970D}
		{F285B5C5-9A40-4CB7-9B62-9488AC490AA5} = {46A5E1A3-F52B-4212-8A35-4B7EE33674B6}
		{729885F4-7A33-4F7C-B161-5EDF0B479175} = {46A5E1A3-F52B-4212-8A35-4B7EE33674B6}
		{3238ECDF-D391-43AE-B3E9-CF73FA45ADD4} = {46A5E1A3-F52B-4212-8A35-4B7EE33674B6}
		{B040FFFE-106E-41FC-9943-F88C19D65317} = {46A5E1A3-F52B-4212-8A35-4B7EE33674B6}
		{910979A8-4511-4669-8650-407290453327} = {46A5E1A3-F52B-4212-8A35-4B7EE33674B6}
		{2247A833-1ACB-42DF-A224-B63E8E7C036A} = {C0E3C400-CF02-449B-8911-3278CF3D4DD1}
		{DE2BD1F3-E6FE-487A-A6FA-979AB0E49ED5} = {C0E3C400-CF02-449B-8911-3278CF3D4DD1}
		{9BD5814F-313C-467E-8C6C-7B4CF4483622} = {C0E3C400-CF02-449B-8911-3278CF3D4DD1}
		{D0D55285-6A91-480C-9CC8-5D9B8DD5E6E4} = {C0E3C400-CF02-449B-8911-3278CF3D4DD1}
		{8C9BFF57-F3DB-4BAE-A12B-C469AD83951E} = {C0E3C400-CF02-449B-8911-3278CF3D4DD1}
		{FBC9E157-6987-40EA-A932-96A14EEE6420} = {C0E3C400-CF02-449B-8911-3278CF3D4DD1}
		{8D472AC3-A1DB-4CF3-902A-6AC83684C4BE} = {C0E3C400-CF02-449B-8911-3278CF3D4DD1}
		{2C585CDC-6E8F-456D-ACD2-0641A1A71806} = {C0E3C400-CF02-449B-8911-3278CF3D4DD1}
		{DED53A2B-7B76-465C-A90C-B90E99021B5C} = {86396459-FBF4-4DAC-B646-8188A6E3392D}
		{A2A229EB-E900-4814-A6B0-26CEDB49D1DE} = {86396459-FBF4-4DAC-B646-8188A6E3392D}
		{E0B01F6B-678B-4CCE-8692-40308650C4A0} = {86396459-FBF4-4DAC-B646-8188A6E3392D}
		{837192B9-8C42-4D62-879E-8576703DD9E1} = {21BDF69C-4C21-470A-8CAD-B6CD4B28FD80}
		{81D9631D-8EAF-46AE-B702-F3D65429174E} = {21BDF69C-4C21-470A-8CAD-B6CD4B28FD80}
	EndGlobalSection
EndGlobal
